{
  "version": 1,
  "dependencies": {
    "net7.0-windows7.0": {
      "Dalamud.DrunkenToad": {
        "type": "Direct",
        "requested": "[1.7.0, )",
        "resolved": "1.7.0",
        "contentHash": "szm7Adfvs9MDPxg9otXNB5UzXziut0lG0gw9H/shhTJXW8GhfGL6wUtrJlUSduxEASnUtwaOLD8ySHnmL09x6g==",
        "dependencies": {
          "Dalamud.Loc": "1.1.1",
          "Microsoft.Extensions.DependencyInjection": "7.0.0"
        }
      },
      "Dapper.Contrib": {
        "type": "Direct",
        "requested": "[2.0.78, )",
        "resolved": "2.0.78",
        "contentHash": "sUfDVIf8LlHNiz3MfUFodeyRiemfN1JFkPxYjCxFWlwNPg1iQ49mB+0E89TkywWs4X8fiRWOVDQgtH5FtzK5Kw==",
        "dependencies": {
          "Dapper": "2.0.78"
        }
      },
      "StyleCop.Analyzers": {
        "type": "Direct",
        "requested": "[1.2.0-beta.435, )",
        "resolved": "1.2.0-beta.435",
        "contentHash": "TADk7vdGXtfTnYCV7GyleaaRTQjfoSfZXprQrVMm7cSJtJbFc1QIbWPyLvrgrfGdfHbGmUPvaN4ODKNxg2jgPQ==",
        "dependencies": {
          "StyleCop.Analyzers.Unstable": "1.2.0.435"
        }
      },
      "Dalamud.Loc": {
        "type": "Transitive",
        "resolved": "1.1.1",
        "contentHash": "fPVMmkiK2WaShXfLbl9ow8QTPxpJgcT92u+HqU5eNCskjwpwYWi3fkWMM1IIvPI/x9qCo2UIRUSDybeGVoE2/Q=="
      },
      "Dapper": {
        "type": "Transitive",
        "resolved": "2.0.78",
        "contentHash": "vLPwL2HZXp/DN17Eu7sg6GMEj02alq7jcy6atn5Gv8i96b9Hu1UoxlCrhInUPfSFLQQiD8O7pdWAE1fdUEO/1Q=="
      },
      "Microsoft.Extensions.DependencyInjection": {
        "type": "Transitive",
        "resolved": "7.0.0",
        "contentHash": "elNeOmkeX3eDVG6pYVeV82p29hr+UKDaBhrZyWvWLw/EVZSYEkZlQdkp0V39k/Xehs2Qa0mvoCvkVj3eQxNQ1Q==",
        "dependencies": {
          "Microsoft.Extensions.DependencyInjection.Abstractions": "7.0.0"
        }
      },
      "Microsoft.Extensions.DependencyInjection.Abstractions": {
        "type": "Transitive",
        "resolved": "7.0.0",
        "contentHash": "h3j/QfmFN4S0w4C2A6X7arXij/M/OVw3uQHSOFxnND4DyAzO1F9eMX7Eti7lU/OkSthEE0WzRsfT/Dmx86jzCw=="
      },
      "StyleCop.Analyzers.Unstable": {
        "type": "Transitive",
        "resolved": "1.2.0.435",
        "contentHash": "ouwPWZxbOV3SmCZxIRqHvljkSzkCyi1tDoMzQtDb/bRP8ctASV/iRJr+A2Gdj0QLaLmWnqTWDrH82/iP+X80Lg=="
      }
    }
  }
}