
Microsoft Visual Studio Solution File, Format Version 12.00
# Visual Studio Version 17
VisualStudioVersion = 17.8.34322.80
MinimumVisualStudioVersion = 10.0.40219.1
Project("{9A19103F-16F7-4668-BE54-9A1E7A4F7556}") = "PlayerTrack.Plugin", "PlayerTrack.Plugin\PlayerTrack.Plugin.csproj", "{92380CDF-883F-4E69-BDFD-C33208F4876A}"
EndProject
Project("{9A19103F-16F7-4668-BE54-9A1E7A4F7556}") = "PlayerTrack.Models", "PlayerTrack.Models\PlayerTrack.Models.csproj", "{22E697FA-1E69-4816-A162-924D19CA5A62}"
EndProject
Project("{9A19103F-16F7-4668-BE54-9A1E7A4F7556}") = "PlayerTrack.Domain", "PlayerTrack.Domain\PlayerTrack.Domain.csproj", "{7B3F1690-0D71-4F5A-B0C6-9001B94FD16A}"
EndProject
Project("{9A19103F-16F7-4668-BE54-9A1E7A4F7556}") = "PlayerTrack.UserInterface", "PlayerTrack.UserInterface\PlayerTrack.UserInterface.csproj", "{D72E03DD-252C-41FA-B177-1E76A3FE306F}"
EndProject
Project("{9A19103F-16F7-4668-BE54-9A1E7A4F7556}") = "PlayerTrack.Infrastructure", "PlayerTrack.Infrastructure\PlayerTrack.Infrastructure.csproj", "{CBD90FC9-C832-4D91-A309-DF50F3E66B08}"
EndProject
Project("{2150E333-8FDC-42A3-9474-1A3956D46DE8}") = "Solution Items", "Solution Items", "{FDE1DB46-52C4-413B-9675-0601B8100BD0}"
	ProjectSection(SolutionItems) = preProject
		.editorconfig = .editorconfig
	EndProjectSection
EndProject
Global
	GlobalSection(SolutionConfigurationPlatforms) = preSolution
		Debug|Any CPU = Debug|Any CPU
		Release|Any CPU = Release|Any CPU
	EndGlobalSection
	GlobalSection(ProjectConfigurationPlatforms) = postSolution
		{92380CDF-883F-4E69-BDFD-C33208F4876A}.Debug|Any CPU.ActiveCfg = Debug|x64
		{92380CDF-883F-4E69-BDFD-C33208F4876A}.Debug|Any CPU.Build.0 = Debug|x64
		{92380CDF-883F-4E69-BDFD-C33208F4876A}.Release|Any CPU.ActiveCfg = Release|x64
		{92380CDF-883F-4E69-BDFD-C33208F4876A}.Release|Any CPU.Build.0 = Release|x64
		{22E697FA-1E69-4816-A162-924D19CA5A62}.Debug|Any CPU.ActiveCfg = Debug|x64
		{22E697FA-1E69-4816-A162-924D19CA5A62}.Debug|Any CPU.Build.0 = Debug|x64
		{22E697FA-1E69-4816-A162-924D19CA5A62}.Release|Any CPU.ActiveCfg = Release|x64
		{22E697FA-1E69-4816-A162-924D19CA5A62}.Release|Any CPU.Build.0 = Release|x64
		{7B3F1690-0D71-4F5A-B0C6-9001B94FD16A}.Debug|Any CPU.ActiveCfg = Debug|x64
		{7B3F1690-0D71-4F5A-B0C6-9001B94FD16A}.Debug|Any CPU.Build.0 = Debug|x64
		{7B3F1690-0D71-4F5A-B0C6-9001B94FD16A}.Release|Any CPU.ActiveCfg = Release|x64
		{7B3F1690-0D71-4F5A-B0C6-9001B94FD16A}.Release|Any CPU.Build.0 = Release|x64
		{D72E03DD-252C-41FA-B177-1E76A3FE306F}.Debug|Any CPU.ActiveCfg = Debug|x64
		{D72E03DD-252C-41FA-B177-1E76A3FE306F}.Debug|Any CPU.Build.0 = Debug|x64
		{D72E03DD-252C-41FA-B177-1E76A3FE306F}.Release|Any CPU.ActiveCfg = Release|x64
		{D72E03DD-252C-41FA-B177-1E76A3FE306F}.Release|Any CPU.Build.0 = Release|x64
		{CBD90FC9-C832-4D91-A309-DF50F3E66B08}.Debug|Any CPU.ActiveCfg = Debug|x64
		{CBD90FC9-C832-4D91-A309-DF50F3E66B08}.Debug|Any CPU.Build.0 = Debug|x64
		{CBD90FC9-C832-4D91-A309-DF50F3E66B08}.Release|Any CPU.ActiveCfg = Release|x64
		{CBD90FC9-C832-4D91-A309-DF50F3E66B08}.Release|Any CPU.Build.0 = Release|x64
	EndGlobalSection
	GlobalSection(SolutionProperties) = preSolution
		HideSolutionNode = FALSE
	EndGlobalSection
	GlobalSection(ExtensibilityGlobals) = postSolution
		SolutionGuid = {5AF89DCB-EBA6-47EF-BBE7-81469DF4F04D}
	EndGlobalSection
EndGlobal
