
Microsoft Visual Studio Solution File, Format Version 12.00
# Visual Studio Version 16
VisualStudioVersion = 16.0.29709.97
MinimumVisualStudioVersion = 10.0.40219.1
Project("{FAE04EC0-301F-11D3-BF4B-00C04F79EFBC}") = "PlayerTrack", "PlayerTrack\PlayerTrack.csproj", "{13C812E9-0D42-4B95-8646-40EEBF30636F}"
EndProject
Project("{FAE04EC0-301F-11D3-BF4B-00C04F79EFBC}") = "PlayerTrack.Test", "PlayerTrack.Test\PlayerTrack.Test.csproj", "{7C750FCA-465A-46E8-A8C5-4AF8B3532B47}"
EndProject
Project("{FAE04EC0-301F-11D3-BF4B-00C04F79EFBC}") = "PlayerTrack.Mock", "PlayerTrack.Mock\PlayerTrack.Mock.csproj", "{C1CE1090-9425-4BB4-AE63-CEF441B38EDE}"
EndProject
Global
	GlobalSection(SolutionConfigurationPlatforms) = preSolution
		Debug|Any CPU = Debug|Any CPU
		Release|Any CPU = Release|Any CPU
	EndGlobalSection
	GlobalSection(ProjectConfigurationPlatforms) = postSolution
		{13C812E9-0D42-4B95-8646-40EEBF30636F}.Debug|Any CPU.ActiveCfg = Debug|Any CPU
		{13C812E9-0D42-4B95-8646-40EEBF30636F}.Debug|Any CPU.Build.0 = Debug|Any CPU
		{13C812E9-0D42-4B95-8646-40EEBF30636F}.Release|Any CPU.ActiveCfg = Release|Any CPU
		{13C812E9-0D42-4B95-8646-40EEBF30636F}.Release|Any CPU.Build.0 = Release|Any CPU
		{7C750FCA-465A-46E8-A8C5-4AF8B3532B47}.Debug|Any CPU.ActiveCfg = Debug|Any CPU
		{7C750FCA-465A-46E8-A8C5-4AF8B3532B47}.Debug|Any CPU.Build.0 = Debug|Any CPU
		{7C750FCA-465A-46E8-A8C5-4AF8B3532B47}.Release|Any CPU.ActiveCfg = Release|Any CPU
		{7C750FCA-465A-46E8-A8C5-4AF8B3532B47}.Release|Any CPU.Build.0 = Release|Any CPU
		{C1CE1090-9425-4BB4-AE63-CEF441B38EDE}.Debug|Any CPU.ActiveCfg = Debug|Any CPU
		{C1CE1090-9425-4BB4-AE63-CEF441B38EDE}.Debug|Any CPU.Build.0 = Debug|Any CPU
		{C1CE1090-9425-4BB4-AE63-CEF441B38EDE}.Release|Any CPU.ActiveCfg = Release|Any CPU
		{C1CE1090-9425-4BB4-AE63-CEF441B38EDE}.Release|Any CPU.Build.0 = Release|Any CPU
	EndGlobalSection
	GlobalSection(SolutionProperties) = preSolution
		HideSolutionNode = FALSE
	EndGlobalSection
	GlobalSection(ExtensibilityGlobals) = postSolution
		SolutionGuid = {B17E85B1-5F60-4440-9F9A-3DDE877E8CDF}
	EndGlobalSection
EndGlobal
