{
  "version": 1,
  "dependencies": {
    "net6.0-windows7.0": {
      "Dalamud.ContextMenu": {
        "type": "Direct",
        "requested": "[1.2.0, )",
        "resolved": "1.2.0",
        "contentHash": "GBCPa52yaFFG3caJl12Fx/1oIP4dxDPyNMvOEQ3oBY5cJ9k6ONojK/m5mbA+UrJNnK6VgLhl+JGFVrjfqg4zTg=="
      },
      "Dalamud.DrunkenToad": {
        "type": "Direct",
        "requested": "[1.2.0, )",
        "resolved": "1.2.0",
        "contentHash": "tyn7QTX48abk9mcyk4OOGdHCDA0uJl5k76s9r6ntMP4NIKSYLCchpB6o4pa350MpY7t+r0sr68C/YIoZSrWcSg==",
        "dependencies": {
          "LiteDB": "5.0.11"
        }
      },
      "DalamudPackager": {
        "type": "Direct",
        "requested": "[2.1.7, )",
        "resolved": "2.1.7",
        "contentHash": "jnZ/sdInyn07ycuWI+pPOtP/xE3v+c4+jYJfDt36FWnBF9NKqkpzfviJtPl/jGLgbaCmFIXu+Yid0N8GvdKefg=="
      },
      "LiteDB": {
        "type": "Direct",
        "requested": "[5.0.12, )",
        "resolved": "5.0.12",
        "contentHash": "HaOjSIGS9BRm7dw42qcHd5NGYl5wdjsFB31pImt3QQNLKUNEmRAr7ADos5VsujwBc9c4otJgb+G6NA4MlzKyAw=="
      },
      "StyleCop.Analyzers": {
        "type": "Direct",
        "requested": "[1.2.0-beta.435, )",
        "resolved": "1.2.0-beta.435",
        "contentHash": "TADk7vdGXtfTnYCV7GyleaaRTQjfoSfZXprQrVMm7cSJtJbFc1QIbWPyLvrgrfGdfHbGmUPvaN4ODKNxg2jgPQ==",
        "dependencies": {
          "StyleCop.Analyzers.Unstable": "1.2.0.435"
        }
      },
      "XivCommon": {
        "type": "Direct",
        "requested": "[6.0.0, )",
        "resolved": "6.0.0",
        "contentHash": "8HwrC7mnkcaP+JxRoIIu9MqFElQRVL8HOr8EQ6Te+11zzvKoXTZZrZ7VWETF2CHfB+7c1v5wONZKqZJ2hETpjg=="
      },
      "StyleCop.Analyzers.Unstable": {
        "type": "Transitive",
        "resolved": "1.2.0.435",
        "contentHash": "ouwPWZxbOV3SmCZxIRqHvljkSzkCyi1tDoMzQtDb/bRP8ctASV/iRJr+A2Gdj0QLaLmWnqTWDrH82/iP+X80Lg=="
      }
    }
  }
}